{
  "lockfile_version": "1",
  "packages": {
    "bun@latest": {
      "last_modified": "2025-10-27T19:50:41Z",
      "resolved": "github:NixOS/nixpkgs/1666250dbe4141e4ca8aaf89b40a3a51c2e36144#bun",
      "source": "devbox-search",
      "version": "1.3.1",
      "systems": {
        "aarch64-darwin": {
          "outputs": [
            {
              "name": "out",
              "path": "/nix/store/q77q60pidwk04lgw5q930a32w9zp7r0p-bun-1.3.1",
              "default": true
            }
          ],
          "store_path": "/nix/store/q77q60pidwk04lgw5q930a32w9zp7r0p-bun-1.3.1"
        },
        "aarch64-linux": {
          "outputs": [
            {
              "name": "out",
              "path": "/nix/store/7ba6bigk4vpvxpmx0c3h6rg5zl9bs5np-bun-1.3.1",
              "default": true
            }
          ],
          "store_path": "/nix/store/7ba6bigk4vpvxpmx0c3h6rg5zl9bs5np-bun-1.3.1"
        },
        "x86_64-darwin": {
          "outputs": [
            {
              "name": "out",
              "path": "/nix/store/27338drvdd2cqz765wa4s51kz866v4ws-bun-1.3.1",
              "default": true
            }
          ],
          "store_path": "/nix/store/27338drvdd2cqz765wa4s51kz866v4ws-bun-1.3.1"
        },
        "x86_64-linux": {
          "outputs": [
            {
              "name": "out",
              "path": "/nix/store/jzjyn4d12klv4kp47c86z4dk1bksbg0q-bun-1.3.1",
              "default": true
            }
          ],
          "store_path": "/nix/store/jzjyn4d12klv4kp47c86z4dk1bksbg0q-bun-1.3.1"
        }
      }
    },
    "github:NixOS/nixpkgs/nixpkgs-unstable": {
      "last_modified": "2025-11-05T16:44:39Z",
      "resolved": "github:NixOS/nixpkgs/ffcdcf99d65c61956d882df249a9be53e5902ea5?lastModified=1762361079"
    },
    "github:peterldowns/localias": {
      "last_modified": "2025-07-29T20:15:41Z",
      "resolved": "github:peterldowns/localias/30eb016326558f6d14b87fe465ad8b363982c9be?lastModified=1753820141"
    },
    "go-migrate@4.18.1": {
      "last_modified": "2025-01-19T08:16:51Z",
      "resolved": "github:NixOS/nixpkgs/50165c4f7eb48ce82bd063e1fb8047a0f515f8ce#go-migrate",
      "source": "devbox-search",
      "version": "4.18.1",
      "systems": {
        "aarch64-darwin": {
          "outputs": [
            {
              "name": "out",
              "path": "/nix/store/sj424z95pc18v54214isrvq21lyn7gkh-go-migrate-4.18.1",
              "default": true
            }
          ],
          "store_path": "/nix/store/sj424z95pc18v54214isrvq21lyn7gkh-go-migrate-4.18.1"
        },
        "aarch64-linux": {
          "outputs": [
            {
              "name": "out",
              "path": "/nix/store/4gs87bydy1mavpk71mm0plbqvi4j5xfn-go-migrate-4.18.1",
              "default": true
            }
          ],
          "store_path": "/nix/store/4gs87bydy1mavpk71mm0plbqvi4j5xfn-go-migrate-4.18.1"
        },
        "x86_64-darwin": {
          "outputs": [
            {
              "name": "out",
              "path": "/nix/store/2znm3izriiairky6128fwmcvp0n1fydf-go-migrate-4.18.1",
              "default": true
            }
          ],
          "store_path": "/nix/store/2znm3izriiairky6128fwmcvp0n1fydf-go-migrate-4.18.1"
        },
        "x86_64-linux": {
          "outputs": [
            {
              "name": "out",
              "path": "/nix/store/62gica1gc32qg8g51v6p60m43f8c9wmq-go-migrate-4.18.1",
              "default": true
            }
          ],
          "store_path": "/nix/store/62gica1gc32qg8g51v6p60m43f8c9wmq-go-migrate-4.18.1"
        }
      }
    },
    "go-mockery@latest": {
      "last_modified": "2026-02-23T15:40:43Z",
      "resolved": "github:NixOS/nixpkgs/80d901ec0377e19ac3f7bb8c035201e2e098cc97#go-mockery",
      "source": "devbox-search",
      "version": "3.5.5",
      "systems": {
        "aarch64-darwin": {
          "outputs": [
            {
              "name": "out",
              "path": "/nix/store/z4k24w43mr0ljaj66dq3ca3g4yihka8k-go-mockery-3.5.5",
              "default": true
            }
          ],
          "store_path": "/nix/store/z4k24w43mr0ljaj66dq3ca3g4yihka8k-go-mockery-3.5.5"
        },
        "aarch64-linux": {
          "outputs": [
            {
              "name": "out",
              "path": "/nix/store/x9bjh126zxvkbz2k1vrhh7jspkwsaz52-go-mockery-3.5.5",
              "default": true
            }
          ],
          "store_path": "/nix/store/x9bjh126zxvkbz2k1vrhh7jspkwsaz52-go-mockery-3.5.5"
        },
        "x86_64-darwin": {
          "outputs": [
            {
              "name": "out",
              "path": "/nix/store/ksx8bnxygh5j2g2fk8nplra2wl3c8qnq-go-mockery-3.5.5",
              "default": true
            }
          ],
          "store_path": "/nix/store/ksx8bnxygh5j2g2fk8nplra2wl3c8qnq-go-mockery-3.5.5"
        },
        "x86_64-linux": {
          "outputs": [
            {
              "name": "out",
              "path": "/nix/store/dz8brfxhfygn1jfsw3qvlxv2hl95h8xr-go-mockery-3.5.5",
              "default": true
            }
          ],
          "store_path": "/nix/store/dz8brfxhfygn1jfsw3qvlxv2hl95h8xr-go-mockery-3.5.5"
        }
      }
    },
    "go@latest": {
      "last_modified": "2025-10-22T20:59:19Z",
      "resolved": "github:NixOS/nixpkgs/01b6809f7f9d1183a2b3e081f0a1e6f8f415cb09#go",
      "source": "devbox-search",
      "version": "1.25.2",
      "systems": {
        "aarch64-darwin": {
          "outputs": [
            {
              "name": "out",
              "path": "/nix/store/nkhf1yv637cp91y79zap7jxmm98v8pvj-go-1.25.2",
              "default": true
            }
          ],
          "store_path": "/nix/store/nkhf1yv637cp91y79zap7jxmm98v8pvj-go-1.25.2"
        },
        "aarch64-linux": {
          "outputs": [
            {
              "name": "out",
              "path": "/nix/store/p1d8jb1k4db3aiqwyp8b1kw4mja3qygx-go-1.25.2",
              "default": true
            }
          ],
          "store_path": "/nix/store/p1d8jb1k4db3aiqwyp8b1kw4mja3qygx-go-1.25.2"
        },
        "x86_64-darwin": {
          "outputs": [
            {
              "name": "out",
              "path": "/nix/store/xvwacgkf3x446qq3mdsh3v13f8935wa3-go-1.25.2",
              "default": true
            }
          ],
          "store_path": "/nix/store/xvwacgkf3x446qq3mdsh3v13f8935wa3-go-1.25.2"
        },
        "x86_64-linux": {
          "outputs": [
            {
              "name": "out",
              "path": "/nix/store/k1kn1c59ss7nq6agdppzq3krwmi3xqy4-go-1.25.2",
              "default": true
            }
          ],
          "store_path": "/nix/store/k1kn1c59ss7nq6agdppzq3krwmi3xqy4-go-1.25.2"
        }
      }
    },
    "just@latest": {
      "last_modified": "2025-10-22T20:59:19Z",
      "resolved": "github:NixOS/nixpkgs/01b6809f7f9d1183a2b3e081f0a1e6f8f415cb09#just",
      "source": "devbox-search",
      "version": "1.43.0",
      "systems": {
        "aarch64-darwin": {
          "outputs": [
            {
              "name": "out",
              "path": "/nix/store/7bs66yy7i31k1q2sbi61mm1jpbnvk9da-just-1.43.0",
              "default": true
            },
            {
              "name": "man",
              "path": "/nix/store/68wlq1vznxmb6v3frwy1skwc44h24hj1-just-1.43.0-man",
              "default": true
            },
            {
              "name": "doc",
              "path": "/nix/store/10ksvsgsl1bgsjb4lj0bfhll90pm2fl5-just-1.43.0-doc"
            }
          ],
          "store_path": "/nix/store/7bs66yy7i31k1q2sbi61mm1jpbnvk9da-just-1.43.0"
        },
        "aarch64-linux": {
          "outputs": [
            {
              "name": "out",
              "path": "/nix/store/a0f2aq42jlv1lh0nn0hlanhxq4sjwq99-just-1.43.0",
              "default": true
            },
            {
              "name": "man",
              "path": "/nix/store/l0pj7gw81g1hpg85rv0gq6fs2jcfm80g-just-1.43.0-man",
              "default": true
            },
            {
              "name": "doc",
              "path": "/nix/store/04fi9z40qln84rwkrww36cfc6a34bw8v-just-1.43.0-doc"
            }
          ],
          "store_path": "/nix/store/a0f2aq42jlv1lh0nn0hlanhxq4sjwq99-just-1.43.0"
        },
        "x86_64-darwin": {
          "outputs": [
            {
              "name": "out",
              "path": "/nix/store/czixgh95zgkl19qlgrgrp4i9cbfl4s9n-just-1.43.0",
              "default": true
            },
            {
              "name": "man",
              "path": "/nix/store/y5ah44dhjsznkm09bxfq09v5yhysly0d-just-1.43.0-man",
              "default": true
            },
            {
              "name": "doc",
              "path": "/nix/store/i75gir70s710c2jb2ax9icg9zc0xps6w-just-1.43.0-doc"
            }
          ],
          "store_path": "/nix/store/czixgh95zgkl19qlgrgrp4i9cbfl4s9n-just-1.43.0"
        },
        "x86_64-linux": {
          "outputs": [
            {
              "name": "out",
              "path": "/nix/store/k5q96fd99bnxw0k4n2d0xbvklyqb86nr-just-1.43.0",
              "default": true
            },
            {
              "name": "man",
              "path": "/nix/store/pj7l9s5z7vj1nh96s7p3ncxg777rhzw2-just-1.43.0-man",
              "default": true
            },
            {
              "name": "doc",
              "path": "/nix/store/21i9bih900kw3clpc25ni37rdfyblgd2-just-1.43.0-doc"
            }
          ],
          "store_path": "/nix/store/k5q96fd99bnxw0k4n2d0xbvklyqb86nr-just-1.43.0"
        }
      }
    },
    "process-compose@latest": {
      "last_modified": "2025-10-22T20:59:19Z",
      "resolved": "github:NixOS/nixpkgs/01b6809f7f9d1183a2b3e081f0a1e6f8f415cb09#process-compose",
      "source": "devbox-search",
      "version": "1.75.2",
      "systems": {
        "aarch64-darwin": {
          "outputs": [
            {
              "name": "out",
              "path": "/nix/store/027pn5cfbw592y0ayymwxi7pl0qg3bkg-process-compose-1.75.2",
              "default": true
            }
          ],
          "store_path": "/nix/store/027pn5cfbw592y0ayymwxi7pl0qg3bkg-process-compose-1.75.2"
        },
        "aarch64-linux": {
          "outputs": [
            {
              "name": "out",
              "path": "/nix/store/9vdr3mn14n82a617yzch8jzah2c5iifc-process-compose-1.75.2",
              "default": true
            }
          ],
          "store_path": "/nix/store/9vdr3mn14n82a617yzch8jzah2c5iifc-process-compose-1.75.2"
        },
        "x86_64-darwin": {
          "outputs": [
            {
              "name": "out",
              "path": "/nix/store/bhg3djw8i6r168m899whm14lvakg17jp-process-compose-1.75.2",
              "default": true
            }
          ],
          "store_path": "/nix/store/bhg3djw8i6r168m899whm14lvakg17jp-process-compose-1.75.2"
        },
        "x86_64-linux": {
          "outputs": [
            {
              "name": "out",
              "path": "/nix/store/y3h8xi5bi2ggnnszbm1hifbgd0fzriqi-process-compose-1.75.2",
              "default": true
            }
          ],
          "store_path": "/nix/store/y3h8xi5bi2ggnnszbm1hifbgd0fzriqi-process-compose-1.75.2"
        }
      }
    },
    "reflex@latest": {
      "last_modified": "2025-10-22T20:59:19Z",
      "resolved": "github:NixOS/nixpkgs/01b6809f7f9d1183a2b3e081f0a1e6f8f415cb09#reflex",
      "source": "devbox-search",
      "version": "0.3.1",
      "systems": {
        "aarch64-darwin": {
          "outputs": [
            {
              "name": "out",
              "path": "/nix/store/4k17z72n4zdwqkq1h9m8rskffzrx520s-reflex-0.3.1",
              "default": true
            }
          ],
          "store_path": "/nix/store/4k17z72n4zdwqkq1h9m8rskffzrx520s-reflex-0.3.1"
        },
        "aarch64-linux": {
          "outputs": [
            {
              "name": "out",
              "path": "/nix/store/v06ybr2988hq9rc1i5xix0flgn7gcl92-reflex-0.3.1",
              "default": true
            }
          ],
          "store_path": "/nix/store/v06ybr2988hq9rc1i5xix0flgn7gcl92-reflex-0.3.1"
        },
        "x86_64-darwin": {
          "outputs": [
            {
              "name": "out",
              "path": "/nix/store/40cahdppzf8c85gswmvsm69c3bfznynq-reflex-0.3.1",
              "default": true
            }
          ],
          "store_path": "/nix/store/40cahdppzf8c85gswmvsm69c3bfznynq-reflex-0.3.1"
        },
        "x86_64-linux": {
          "outputs": [
            {
              "name": "out",
              "path": "/nix/store/b5aw452sq46ghyqxymkk35aiknnzckl6-reflex-0.3.1",
              "default": true
            }
          ],
          "store_path": "/nix/store/b5aw452sq46ghyqxymkk35aiknnzckl6-reflex-0.3.1"
        }
      }
    }
  }
}
