{
  "lockfile_version": "1",
  "packages": {
    "bun@latest": {
      "last_modified": "2026-03-21T07:29:51Z",
      "resolved": "github:NixOS/nixpkgs/09061f748ee21f68a089cd5d91ec1859cd93d0be#bun",
      "source": "devbox-search",
      "version": "1.3.10",
      "systems": {
        "aarch64-darwin": {
          "outputs": [
            {
              "name": "out",
              "path": "/nix/store/547qzc7q2rq2acqk1srl9fybjf856nm0-bun-1.3.10",
              "default": true
            }
          ],
          "store_path": "/nix/store/547qzc7q2rq2acqk1srl9fybjf856nm0-bun-1.3.10"
        },
        "aarch64-linux": {
          "outputs": [
            {
              "name": "out",
              "path": "/nix/store/iq2q5hhl5w100lsbd3q6zi79prqmj99w-bun-1.3.10",
              "default": true
            }
          ],
          "store_path": "/nix/store/iq2q5hhl5w100lsbd3q6zi79prqmj99w-bun-1.3.10"
        },
        "x86_64-darwin": {
          "outputs": [
            {
              "name": "out",
              "path": "/nix/store/nxjxq2qra7jc31hjagnn4xhsighbdfkb-bun-1.3.10",
              "default": true
            }
          ],
          "store_path": "/nix/store/nxjxq2qra7jc31hjagnn4xhsighbdfkb-bun-1.3.10"
        },
        "x86_64-linux": {
          "outputs": [
            {
              "name": "out",
              "path": "/nix/store/k94dpfj7wvwaz7brgcrgax56s0sl5pki-bun-1.3.10",
              "default": true
            }
          ],
          "store_path": "/nix/store/k94dpfj7wvwaz7brgcrgax56s0sl5pki-bun-1.3.10"
        }
      }
    },
    "github:NixOS/nixpkgs/nixpkgs-unstable": {
      "last_modified": "2025-11-05T16:44:39Z",
      "resolved": "github:NixOS/nixpkgs/ffcdcf99d65c61956d882df249a9be53e5902ea5?lastModified=1762361079"
    },
    "github:peterldowns/localias": {
      "last_modified": "2025-07-29T20:15:41Z",
      "resolved": "github:peterldowns/localias/30eb016326558f6d14b87fe465ad8b363982c9be?lastModified=1753820141"
    },
    "go-migrate@4.18.1": {
      "last_modified": "2025-01-19T08:16:51Z",
      "resolved": "github:NixOS/nixpkgs/50165c4f7eb48ce82bd063e1fb8047a0f515f8ce#go-migrate",
      "source": "devbox-search",
      "version": "4.18.1",
      "systems": {
        "aarch64-darwin": {
          "outputs": [
            {
              "name": "out",
              "path": "/nix/store/sj424z95pc18v54214isrvq21lyn7gkh-go-migrate-4.18.1",
              "default": true
            }
          ],
          "store_path": "/nix/store/sj424z95pc18v54214isrvq21lyn7gkh-go-migrate-4.18.1"
        },
        "aarch64-linux": {
          "outputs": [
            {
              "name": "out",
              "path": "/nix/store/4gs87bydy1mavpk71mm0plbqvi4j5xfn-go-migrate-4.18.1",
              "default": true
            }
          ],
          "store_path": "/nix/store/4gs87bydy1mavpk71mm0plbqvi4j5xfn-go-migrate-4.18.1"
        },
        "x86_64-darwin": {
          "outputs": [
            {
              "name": "out",
              "path": "/nix/store/2znm3izriiairky6128fwmcvp0n1fydf-go-migrate-4.18.1",
              "default": true
            }
          ],
          "store_path": "/nix/store/2znm3izriiairky6128fwmcvp0n1fydf-go-migrate-4.18.1"
        },
        "x86_64-linux": {
          "outputs": [
            {
              "name": "out",
              "path": "/nix/store/62gica1gc32qg8g51v6p60m43f8c9wmq-go-migrate-4.18.1",
              "default": true
            }
          ],
          "store_path": "/nix/store/62gica1gc32qg8g51v6p60m43f8c9wmq-go-migrate-4.18.1"
        }
      }
    },
    "go-mockery@latest": {
      "last_modified": "2026-02-23T15:40:43Z",
      "resolved": "github:NixOS/nixpkgs/80d901ec0377e19ac3f7bb8c035201e2e098cc97#go-mockery",
      "source": "devbox-search",
      "version": "3.5.5",
      "systems": {
        "aarch64-darwin": {
          "outputs": [
            {
              "name": "out",
              "path": "/nix/store/z4k24w43mr0ljaj66dq3ca3g4yihka8k-go-mockery-3.5.5",
              "default": true
            }
          ],
          "store_path": "/nix/store/z4k24w43mr0ljaj66dq3ca3g4yihka8k-go-mockery-3.5.5"
        },
        "aarch64-linux": {
          "outputs": [
            {
              "name": "out",
              "path": "/nix/store/x9bjh126zxvkbz2k1vrhh7jspkwsaz52-go-mockery-3.5.5",
              "default": true
            }
          ],
          "store_path": "/nix/store/x9bjh126zxvkbz2k1vrhh7jspkwsaz52-go-mockery-3.5.5"
        },
        "x86_64-darwin": {
          "outputs": [
            {
              "name": "out",
              "path": "/nix/store/ksx8bnxygh5j2g2fk8nplra2wl3c8qnq-go-mockery-3.5.5",
              "default": true
            }
          ],
          "store_path": "/nix/store/ksx8bnxygh5j2g2fk8nplra2wl3c8qnq-go-mockery-3.5.5"
        },
        "x86_64-linux": {
          "outputs": [
            {
              "name": "out",
              "path": "/nix/store/dz8brfxhfygn1jfsw3qvlxv2hl95h8xr-go-mockery-3.5.5",
              "default": true
            }
          ],
          "store_path": "/nix/store/dz8brfxhfygn1jfsw3qvlxv2hl95h8xr-go-mockery-3.5.5"
        }
      }
    },
    "go@latest": {
      "last_modified": "2025-10-22T20:59:19Z",
      "resolved": "github:NixOS/nixpkgs/01b6809f7f9d1183a2b3e081f0a1e6f8f415cb09#go",
      "source": "devbox-search",
      "version": "1.25.2",
      "systems": {
        "aarch64-darwin": {
          "outputs": [
            {
              "name": "out",
              "path": "/nix/store/nkhf1yv637cp91y79zap7jxmm98v8pvj-go-1.25.2",
              "default": true
            }
          ],
          "store_path": "/nix/store/nkhf1yv637cp91y79zap7jxmm98v8pvj-go-1.25.2"
        },
        "aarch64-linux": {
          "outputs": [
            {
              "name": "out",
              "path": "/nix/store/p1d8jb1k4db3aiqwyp8b1kw4mja3qygx-go-1.25.2",
              "default": true
            }
          ],
          "store_path": "/nix/store/p1d8jb1k4db3aiqwyp8b1kw4mja3qygx-go-1.25.2"
        },
        "x86_64-darwin": {
          "outputs": [
            {
              "name": "out",
              "path": "/nix/store/xvwacgkf3x446qq3mdsh3v13f8935wa3-go-1.25.2",
              "default": true
            }
          ],
          "store_path": "/nix/store/xvwacgkf3x446qq3mdsh3v13f8935wa3-go-1.25.2"
        },
        "x86_64-linux": {
          "outputs": [
            {
              "name": "out",
              "path": "/nix/store/k1kn1c59ss7nq6agdppzq3krwmi3xqy4-go-1.25.2",
              "default": true
            }
          ],
          "store_path": "/nix/store/k1kn1c59ss7nq6agdppzq3krwmi3xqy4-go-1.25.2"
        }
      }
    },
    "just@latest": {
      "last_modified": "2026-02-23T15:40:43Z",
      "resolved": "github:NixOS/nixpkgs/80d901ec0377e19ac3f7bb8c035201e2e098cc97#just",
      "source": "devbox-search",
      "version": "1.46.0",
      "systems": {
        "aarch64-darwin": {
          "outputs": [
            {
              "name": "out",
              "path": "/nix/store/70xj73qsinvmbc3rn1rch3k0bk2ric41-just-1.46.0",
              "default": true
            },
            {
              "name": "man",
              "path": "/nix/store/0rf7kvb3b5pz82rwadn4xm8y77x2iy4q-just-1.46.0-man",
              "default": true
            },
            {
              "name": "doc",
              "path": "/nix/store/z9xkrp3wmnlhf9h9s1jsh4r23w9jnjj1-just-1.46.0-doc"
            }
          ],
          "store_path": "/nix/store/70xj73qsinvmbc3rn1rch3k0bk2ric41-just-1.46.0"
        },
        "aarch64-linux": {
          "outputs": [
            {
              "name": "out",
              "path": "/nix/store/429xi40vq2by0f8qibrj8w45n92mkhzf-just-1.46.0",
              "default": true
            },
            {
              "name": "man",
              "path": "/nix/store/sykdbhkkadkdgx0psdm3q1j2zpcqm7nn-just-1.46.0-man",
              "default": true
            },
            {
              "name": "doc",
              "path": "/nix/store/4qwqc5rhwj795kqk6385l97paqpvhlaf-just-1.46.0-doc"
            }
          ],
          "store_path": "/nix/store/429xi40vq2by0f8qibrj8w45n92mkhzf-just-1.46.0"
        },
        "x86_64-darwin": {
          "outputs": [
            {
              "name": "out",
              "path": "/nix/store/2ai2169px8hbs6ap7srh9240v7qarjrl-just-1.46.0",
              "default": true
            },
            {
              "name": "man",
              "path": "/nix/store/ii6487zmcpc6qf5v95pfw646f8smkf87-just-1.46.0-man",
              "default": true
            },
            {
              "name": "doc",
              "path": "/nix/store/7hjj4qlvv9kk7rwj3gwz7pyxy6sc8p74-just-1.46.0-doc"
            }
          ],
          "store_path": "/nix/store/2ai2169px8hbs6ap7srh9240v7qarjrl-just-1.46.0"
        },
        "x86_64-linux": {
          "outputs": [
            {
              "name": "out",
              "path": "/nix/store/x6bvf2yyik9jlp2bdsdh8hbzg4l9sd49-just-1.46.0",
              "default": true
            },
            {
              "name": "man",
              "path": "/nix/store/n15hvaaz1fmrl0fgypqr04yj6mj825rw-just-1.46.0-man",
              "default": true
            },
            {
              "name": "doc",
              "path": "/nix/store/hd32nmf13rby52cd7g5gw6f3p2ghnrhl-just-1.46.0-doc"
            }
          ],
          "store_path": "/nix/store/x6bvf2yyik9jlp2bdsdh8hbzg4l9sd49-just-1.46.0"
        }
      }
    },
    "process-compose@latest": {
      "last_modified": "2025-10-22T20:59:19Z",
      "resolved": "github:NixOS/nixpkgs/01b6809f7f9d1183a2b3e081f0a1e6f8f415cb09#process-compose",
      "source": "devbox-search",
      "version": "1.75.2",
      "systems": {
        "aarch64-darwin": {
          "outputs": [
            {
              "name": "out",
              "path": "/nix/store/027pn5cfbw592y0ayymwxi7pl0qg3bkg-process-compose-1.75.2",
              "default": true
            }
          ],
          "store_path": "/nix/store/027pn5cfbw592y0ayymwxi7pl0qg3bkg-process-compose-1.75.2"
        },
        "aarch64-linux": {
          "outputs": [
            {
              "name": "out",
              "path": "/nix/store/9vdr3mn14n82a617yzch8jzah2c5iifc-process-compose-1.75.2",
              "default": true
            }
          ],
          "store_path": "/nix/store/9vdr3mn14n82a617yzch8jzah2c5iifc-process-compose-1.75.2"
        },
        "x86_64-darwin": {
          "outputs": [
            {
              "name": "out",
              "path": "/nix/store/bhg3djw8i6r168m899whm14lvakg17jp-process-compose-1.75.2",
              "default": true
            }
          ],
          "store_path": "/nix/store/bhg3djw8i6r168m899whm14lvakg17jp-process-compose-1.75.2"
        },
        "x86_64-linux": {
          "outputs": [
            {
              "name": "out",
              "path": "/nix/store/y3h8xi5bi2ggnnszbm1hifbgd0fzriqi-process-compose-1.75.2",
              "default": true
            }
          ],
          "store_path": "/nix/store/y3h8xi5bi2ggnnszbm1hifbgd0fzriqi-process-compose-1.75.2"
        }
      }
    },
    "reflex@latest": {
      "last_modified": "2025-10-22T20:59:19Z",
      "resolved": "github:NixOS/nixpkgs/01b6809f7f9d1183a2b3e081f0a1e6f8f415cb09#reflex",
      "source": "devbox-search",
      "version": "0.3.1",
      "systems": {
        "aarch64-darwin": {
          "outputs": [
            {
              "name": "out",
              "path": "/nix/store/4k17z72n4zdwqkq1h9m8rskffzrx520s-reflex-0.3.1",
              "default": true
            }
          ],
          "store_path": "/nix/store/4k17z72n4zdwqkq1h9m8rskffzrx520s-reflex-0.3.1"
        },
        "aarch64-linux": {
          "outputs": [
            {
              "name": "out",
              "path": "/nix/store/v06ybr2988hq9rc1i5xix0flgn7gcl92-reflex-0.3.1",
              "default": true
            }
          ],
          "store_path": "/nix/store/v06ybr2988hq9rc1i5xix0flgn7gcl92-reflex-0.3.1"
        },
        "x86_64-darwin": {
          "outputs": [
            {
              "name": "out",
              "path": "/nix/store/40cahdppzf8c85gswmvsm69c3bfznynq-reflex-0.3.1",
              "default": true
            }
          ],
          "store_path": "/nix/store/40cahdppzf8c85gswmvsm69c3bfznynq-reflex-0.3.1"
        },
        "x86_64-linux": {
          "outputs": [
            {
              "name": "out",
              "path": "/nix/store/b5aw452sq46ghyqxymkk35aiknnzckl6-reflex-0.3.1",
              "default": true
            }
          ],
          "store_path": "/nix/store/b5aw452sq46ghyqxymkk35aiknnzckl6-reflex-0.3.1"
        }
      }
    }
  }
}
