{
  "lockfile_version": "1",
  "packages": {
    "bun@latest": {
      "last_modified": "2025-10-27T19:50:41Z",
      "resolved": "github:NixOS/nixpkgs/1666250dbe4141e4ca8aaf89b40a3a51c2e36144#bun",
      "source": "devbox-search",
      "version": "1.3.1",
      "systems": {
        "aarch64-darwin": {
          "outputs": [
            {
              "name": "out",
              "path": "/nix/store/q77q60pidwk04lgw5q930a32w9zp7r0p-bun-1.3.1",
              "default": true
            }
          ],
          "store_path": "/nix/store/q77q60pidwk04lgw5q930a32w9zp7r0p-bun-1.3.1"
        },
        "aarch64-linux": {
          "outputs": [
            {
              "name": "out",
              "path": "/nix/store/7ba6bigk4vpvxpmx0c3h6rg5zl9bs5np-bun-1.3.1",
              "default": true
            }
          ],
          "store_path": "/nix/store/7ba6bigk4vpvxpmx0c3h6rg5zl9bs5np-bun-1.3.1"
        },
        "x86_64-darwin": {
          "outputs": [
            {
              "name": "out",
              "path": "/nix/store/27338drvdd2cqz765wa4s51kz866v4ws-bun-1.3.1",
              "default": true
            }
          ],
          "store_path": "/nix/store/27338drvdd2cqz765wa4s51kz866v4ws-bun-1.3.1"
        },
        "x86_64-linux": {
          "outputs": [
            {
              "name": "out",
              "path": "/nix/store/jzjyn4d12klv4kp47c86z4dk1bksbg0q-bun-1.3.1",
              "default": true
            }
          ],
          "store_path": "/nix/store/jzjyn4d12klv4kp47c86z4dk1bksbg0q-bun-1.3.1"
        }
      }
    },
    "github:NixOS/nixpkgs/nixpkgs-unstable": {
      "last_modified": "2025-11-05T16:44:39Z",
      "resolved": "github:NixOS/nixpkgs/ffcdcf99d65c61956d882df249a9be53e5902ea5?lastModified=1762361079"
    },
    "github:peterldowns/localias": {
      "last_modified": "2025-07-29T20:15:41Z",
      "resolved": "github:peterldowns/localias/30eb016326558f6d14b87fe465ad8b363982c9be?lastModified=1753820141"
    },
    "glibcLocales@latest": {
      "last_modified": "2025-10-22T20:59:19Z",
      "resolved": "github:NixOS/nixpkgs/01b6809f7f9d1183a2b3e081f0a1e6f8f415cb09#glibcLocales",
      "source": "devbox-search",
      "version": "2.40-66",
      "systems": {
        "aarch64-linux": {
          "outputs": [
            {
              "name": "out",
              "path": "/nix/store/br6c397yfnlr9mnsc9ziv2mz015d70mg-glibc-locales-2.40-66",
              "default": true
            }
          ],
          "store_path": "/nix/store/br6c397yfnlr9mnsc9ziv2mz015d70mg-glibc-locales-2.40-66"
        },
        "x86_64-linux": {
          "outputs": [
            {
              "name": "out",
              "path": "/nix/store/lfnnsw0p9a1cbra5wf5f5zakffd7ify4-glibc-locales-2.40-66",
              "default": true
            }
          ],
          "store_path": "/nix/store/lfnnsw0p9a1cbra5wf5f5zakffd7ify4-glibc-locales-2.40-66"
        }
      }
    },
    "go@latest": {
      "last_modified": "2025-10-22T20:59:19Z",
      "resolved": "github:NixOS/nixpkgs/01b6809f7f9d1183a2b3e081f0a1e6f8f415cb09#go",
      "source": "devbox-search",
      "version": "1.25.2",
      "systems": {
        "aarch64-darwin": {
          "outputs": [
            {
              "name": "out",
              "path": "/nix/store/nkhf1yv637cp91y79zap7jxmm98v8pvj-go-1.25.2",
              "default": true
            }
          ],
          "store_path": "/nix/store/nkhf1yv637cp91y79zap7jxmm98v8pvj-go-1.25.2"
        },
        "aarch64-linux": {
          "outputs": [
            {
              "name": "out",
              "path": "/nix/store/p1d8jb1k4db3aiqwyp8b1kw4mja3qygx-go-1.25.2",
              "default": true
            }
          ],
          "store_path": "/nix/store/p1d8jb1k4db3aiqwyp8b1kw4mja3qygx-go-1.25.2"
        },
        "x86_64-darwin": {
          "outputs": [
            {
              "name": "out",
              "path": "/nix/store/xvwacgkf3x446qq3mdsh3v13f8935wa3-go-1.25.2",
              "default": true
            }
          ],
          "store_path": "/nix/store/xvwacgkf3x446qq3mdsh3v13f8935wa3-go-1.25.2"
        },
        "x86_64-linux": {
          "outputs": [
            {
              "name": "out",
              "path": "/nix/store/k1kn1c59ss7nq6agdppzq3krwmi3xqy4-go-1.25.2",
              "default": true
            }
          ],
          "store_path": "/nix/store/k1kn1c59ss7nq6agdppzq3krwmi3xqy4-go-1.25.2"
        }
      }
    },
    "just@latest": {
      "last_modified": "2025-10-22T20:59:19Z",
      "resolved": "github:NixOS/nixpkgs/01b6809f7f9d1183a2b3e081f0a1e6f8f415cb09#just",
      "source": "devbox-search",
      "version": "1.43.0",
      "systems": {
        "aarch64-darwin": {
          "outputs": [
            {
              "name": "out",
              "path": "/nix/store/7bs66yy7i31k1q2sbi61mm1jpbnvk9da-just-1.43.0",
              "default": true
            },
            {
              "name": "man",
              "path": "/nix/store/68wlq1vznxmb6v3frwy1skwc44h24hj1-just-1.43.0-man",
              "default": true
            },
            {
              "name": "doc",
              "path": "/nix/store/10ksvsgsl1bgsjb4lj0bfhll90pm2fl5-just-1.43.0-doc"
            }
          ],
          "store_path": "/nix/store/7bs66yy7i31k1q2sbi61mm1jpbnvk9da-just-1.43.0"
        },
        "aarch64-linux": {
          "outputs": [
            {
              "name": "out",
              "path": "/nix/store/a0f2aq42jlv1lh0nn0hlanhxq4sjwq99-just-1.43.0",
              "default": true
            },
            {
              "name": "man",
              "path": "/nix/store/l0pj7gw81g1hpg85rv0gq6fs2jcfm80g-just-1.43.0-man",
              "default": true
            },
            {
              "name": "doc",
              "path": "/nix/store/04fi9z40qln84rwkrww36cfc6a34bw8v-just-1.43.0-doc"
            }
          ],
          "store_path": "/nix/store/a0f2aq42jlv1lh0nn0hlanhxq4sjwq99-just-1.43.0"
        },
        "x86_64-darwin": {
          "outputs": [
            {
              "name": "out",
              "path": "/nix/store/czixgh95zgkl19qlgrgrp4i9cbfl4s9n-just-1.43.0",
              "default": true
            },
            {
              "name": "man",
              "path": "/nix/store/y5ah44dhjsznkm09bxfq09v5yhysly0d-just-1.43.0-man",
              "default": true
            },
            {
              "name": "doc",
              "path": "/nix/store/i75gir70s710c2jb2ax9icg9zc0xps6w-just-1.43.0-doc"
            }
          ],
          "store_path": "/nix/store/czixgh95zgkl19qlgrgrp4i9cbfl4s9n-just-1.43.0"
        },
        "x86_64-linux": {
          "outputs": [
            {
              "name": "out",
              "path": "/nix/store/k5q96fd99bnxw0k4n2d0xbvklyqb86nr-just-1.43.0",
              "default": true
            },
            {
              "name": "man",
              "path": "/nix/store/pj7l9s5z7vj1nh96s7p3ncxg777rhzw2-just-1.43.0-man",
              "default": true
            },
            {
              "name": "doc",
              "path": "/nix/store/21i9bih900kw3clpc25ni37rdfyblgd2-just-1.43.0-doc"
            }
          ],
          "store_path": "/nix/store/k5q96fd99bnxw0k4n2d0xbvklyqb86nr-just-1.43.0"
        }
      }
    },
    "postgresql@latest": {
      "last_modified": "2025-11-03T07:53:02Z",
      "plugin_version": "0.0.2",
      "resolved": "github:NixOS/nixpkgs/7241bcbb4f099a66aafca120d37c65e8dda32717#postgresql",
      "source": "devbox-search",
      "version": "17.6",
      "systems": {
        "aarch64-darwin": {
          "outputs": [
            {
              "name": "out",
              "path": "/nix/store/fmwdn3g2yp10m3g5fmhggm0aby5iasis-postgresql-17.6",
              "default": true
            },
            {
              "name": "man",
              "path": "/nix/store/4lca2xc5qn1kvfvxny1943fdr02rq4xg-postgresql-17.6-man",
              "default": true
            },
            {
              "name": "doc",
              "path": "/nix/store/lwspn795akq5p5s9xa3swkii9znkmxdb-postgresql-17.6-doc"
            },
            {
              "name": "jit",
              "path": "/nix/store/y0rn8w13ysk439glii034r3i0gdw47pm-postgresql-17.6-jit"
            },
            {
              "name": "plpython3",
              "path": "/nix/store/sxpzwdjbyd9bw228fa7zaf9a5j3158rh-postgresql-17.6-plpython3"
            },
            {
              "name": "dev",
              "path": "/nix/store/xfi3c32g4plkzgsw7ydfdpfgwvrc6klv-postgresql-17.6-dev"
            },
            {
              "name": "lib",
              "path": "/nix/store/lddwlvxvk1i0l5mwi4x61a2fkzy0b2vi-postgresql-17.6-lib"
            },
            {
              "name": "plperl",
              "path": "/nix/store/207c79wyjy9ibcv3yg1c42npa4rxc6sh-postgresql-17.6-plperl"
            },
            {
              "name": "pltcl",
              "path": "/nix/store/cbzk5xxfvcry18gqzaym5ggypd1zsrgz-postgresql-17.6-pltcl"
            }
          ],
          "store_path": "/nix/store/fmwdn3g2yp10m3g5fmhggm0aby5iasis-postgresql-17.6"
        },
        "aarch64-linux": {
          "outputs": [
            {
              "name": "out",
              "path": "/nix/store/90qfa4mqam3fvqphx7w7l8ja0b9vvfzr-postgresql-17.6",
              "default": true
            },
            {
              "name": "man",
              "path": "/nix/store/a3wq2pa5mp16sga4lnwkrck9mvz69axb-postgresql-17.6-man",
              "default": true
            },
            {
              "name": "plperl",
              "path": "/nix/store/x0jw6by78qrgvgki055mss57fxzszid3-postgresql-17.6-plperl"
            },
            {
              "name": "pltcl",
              "path": "/nix/store/kigdc8z8srhha8jb7gacahhnr080i16g-postgresql-17.6-pltcl"
            },
            {
              "name": "debug",
              "path": "/nix/store/fi50zk8gqyrhfj6qd7g2dmrz4p2hh3n3-postgresql-17.6-debug"
            },
            {
              "name": "dev",
              "path": "/nix/store/klcmgwqa87my0ypyfwb1kciddcfm4xw7-postgresql-17.6-dev"
            },
            {
              "name": "plpython3",
              "path": "/nix/store/kdffbhrcgk8mny8h3qwaw71gvpkp7n3k-postgresql-17.6-plpython3"
            },
            {
              "name": "doc",
              "path": "/nix/store/xl98ffpxhh71q2c751csbz61kbzi02gl-postgresql-17.6-doc"
            },
            {
              "name": "jit",
              "path": "/nix/store/pp6n9qpmx23vm7hb00dr9cj72xnmhnbv-postgresql-17.6-jit"
            },
            {
              "name": "lib",
              "path": "/nix/store/4cyg8qxfcaqaq1h88x35x57875slpibk-postgresql-17.6-lib"
            }
          ],
          "store_path": "/nix/store/90qfa4mqam3fvqphx7w7l8ja0b9vvfzr-postgresql-17.6"
        },
        "x86_64-darwin": {
          "outputs": [
            {
              "name": "out",
              "path": "/nix/store/j9da4p9dyckr0wi7d0kgzpdvcb6xs5y7-postgresql-17.6",
              "default": true
            },
            {
              "name": "man",
              "path": "/nix/store/djwpxz7grrrgcd2kfkqc7kvji8q2cckv-postgresql-17.6-man",
              "default": true
            },
            {
              "name": "plperl",
              "path": "/nix/store/p1f4kwyya9kjirk5dxvccm76y2hbs7mi-postgresql-17.6-plperl"
            },
            {
              "name": "plpython3",
              "path": "/nix/store/yq168c00rwxfc29knpsvj63c2l5ih634-postgresql-17.6-plpython3"
            },
            {
              "name": "dev",
              "path": "/nix/store/jds4gk5s6ax03da6dcl708qzvf53l8iq-postgresql-17.6-dev"
            },
            {
              "name": "doc",
              "path": "/nix/store/7syfb8061wvwxsj1hh1abv27f4r4fpg7-postgresql-17.6-doc"
            },
            {
              "name": "jit",
              "path": "/nix/store/hlm5s6l507x0g4l3vc4kkc6b108l55v9-postgresql-17.6-jit"
            },
            {
              "name": "lib",
              "path": "/nix/store/5g9xwxp5xgggnsprshvlacz5qlhbnga7-postgresql-17.6-lib"
            },
            {
              "name": "pltcl",
              "path": "/nix/store/l9ysz6ldy38dh5n6pc1xxgzvs5qw1mkd-postgresql-17.6-pltcl"
            }
          ],
          "store_path": "/nix/store/j9da4p9dyckr0wi7d0kgzpdvcb6xs5y7-postgresql-17.6"
        },
        "x86_64-linux": {
          "outputs": [
            {
              "name": "out",
              "path": "/nix/store/4n3wdlj53mw2z9j32zg7v1d5hbn5b36x-postgresql-17.6",
              "default": true
            },
            {
              "name": "man",
              "path": "/nix/store/afgipzvizd600izw8aqw7ll6bzyfb7mn-postgresql-17.6-man",
              "default": true
            },
            {
              "name": "plpython3",
              "path": "/nix/store/v9s4l6z2dlhxjssa0wy7b5asp0anm8ng-postgresql-17.6-plpython3"
            },
            {
              "name": "pltcl",
              "path": "/nix/store/i5pzm3yyayl67hf8vr2gfnxpv8fdqbqz-postgresql-17.6-pltcl"
            },
            {
              "name": "doc",
              "path": "/nix/store/rrdm76xh5hx9j84ax3wlvx57chvw33y8-postgresql-17.6-doc"
            },
            {
              "name": "jit",
              "path": "/nix/store/ak5gcksn8blddcwzxqbv5qchh0a7ax7g-postgresql-17.6-jit"
            },
            {
              "name": "plperl",
              "path": "/nix/store/knrb3ayj4xg3yj20ys0f8fq7gslzj5xk-postgresql-17.6-plperl"
            },
            {
              "name": "debug",
              "path": "/nix/store/m9z5ix1rpz25gf8nanfv2c2a0ax2inni-postgresql-17.6-debug"
            },
            {
              "name": "dev",
              "path": "/nix/store/40wlxs3zyvkl7psva31hx4qvq8qk1wq9-postgresql-17.6-dev"
            },
            {
              "name": "lib",
              "path": "/nix/store/09g5yr15i53l6yfif3p7q86shchwk1wr-postgresql-17.6-lib"
            }
          ],
          "store_path": "/nix/store/4n3wdlj53mw2z9j32zg7v1d5hbn5b36x-postgresql-17.6"
        }
      }
    },
    "process-compose@latest": {
      "last_modified": "2025-10-22T20:59:19Z",
      "resolved": "github:NixOS/nixpkgs/01b6809f7f9d1183a2b3e081f0a1e6f8f415cb09#process-compose",
      "source": "devbox-search",
      "version": "1.75.2",
      "systems": {
        "aarch64-darwin": {
          "outputs": [
            {
              "name": "out",
              "path": "/nix/store/027pn5cfbw592y0ayymwxi7pl0qg3bkg-process-compose-1.75.2",
              "default": true
            }
          ],
          "store_path": "/nix/store/027pn5cfbw592y0ayymwxi7pl0qg3bkg-process-compose-1.75.2"
        },
        "aarch64-linux": {
          "outputs": [
            {
              "name": "out",
              "path": "/nix/store/9vdr3mn14n82a617yzch8jzah2c5iifc-process-compose-1.75.2",
              "default": true
            }
          ],
          "store_path": "/nix/store/9vdr3mn14n82a617yzch8jzah2c5iifc-process-compose-1.75.2"
        },
        "x86_64-darwin": {
          "outputs": [
            {
              "name": "out",
              "path": "/nix/store/bhg3djw8i6r168m899whm14lvakg17jp-process-compose-1.75.2",
              "default": true
            }
          ],
          "store_path": "/nix/store/bhg3djw8i6r168m899whm14lvakg17jp-process-compose-1.75.2"
        },
        "x86_64-linux": {
          "outputs": [
            {
              "name": "out",
              "path": "/nix/store/y3h8xi5bi2ggnnszbm1hifbgd0fzriqi-process-compose-1.75.2",
              "default": true
            }
          ],
          "store_path": "/nix/store/y3h8xi5bi2ggnnszbm1hifbgd0fzriqi-process-compose-1.75.2"
        }
      }
    },
    "reflex@latest": {
      "last_modified": "2025-10-22T20:59:19Z",
      "resolved": "github:NixOS/nixpkgs/01b6809f7f9d1183a2b3e081f0a1e6f8f415cb09#reflex",
      "source": "devbox-search",
      "version": "0.3.1",
      "systems": {
        "aarch64-darwin": {
          "outputs": [
            {
              "name": "out",
              "path": "/nix/store/4k17z72n4zdwqkq1h9m8rskffzrx520s-reflex-0.3.1",
              "default": true
            }
          ],
          "store_path": "/nix/store/4k17z72n4zdwqkq1h9m8rskffzrx520s-reflex-0.3.1"
        },
        "aarch64-linux": {
          "outputs": [
            {
              "name": "out",
              "path": "/nix/store/v06ybr2988hq9rc1i5xix0flgn7gcl92-reflex-0.3.1",
              "default": true
            }
          ],
          "store_path": "/nix/store/v06ybr2988hq9rc1i5xix0flgn7gcl92-reflex-0.3.1"
        },
        "x86_64-darwin": {
          "outputs": [
            {
              "name": "out",
              "path": "/nix/store/40cahdppzf8c85gswmvsm69c3bfznynq-reflex-0.3.1",
              "default": true
            }
          ],
          "store_path": "/nix/store/40cahdppzf8c85gswmvsm69c3bfznynq-reflex-0.3.1"
        },
        "x86_64-linux": {
          "outputs": [
            {
              "name": "out",
              "path": "/nix/store/b5aw452sq46ghyqxymkk35aiknnzckl6-reflex-0.3.1",
              "default": true
            }
          ],
          "store_path": "/nix/store/b5aw452sq46ghyqxymkk35aiknnzckl6-reflex-0.3.1"
        }
      }
    }
  }
}
