{
  "lockfileVersion": 1,
  "workspaces": {
    "": {
      "name": "document-server",
      "dependencies": {
        "@hocuspocus/common": "^3.4.0",
        "@hocuspocus/extension-logger": "^2.15.2",
        "@hocuspocus/server": "^2.15.2",
        "@hocuspocus/transformer": "^2.15.2",
        "@tiptap/core": "^2.14.0",
        "@tiptap/extension-bold": "^2.14.0",
        "@tiptap/extension-bubble-menu": "^2.14.0",
        "@tiptap/extension-document": "^2.14.0",
        "@tiptap/extension-image": "^2.14.0",
        "@tiptap/extension-italic": "^2.14.0",
        "@tiptap/extension-link": "^2.14.0",
        "@tiptap/extension-mention": "^2.14.0",
        "@tiptap/extension-paragraph": "^2.14.0",
        "@tiptap/extension-task-item": "^2.14.0",
        "@tiptap/extension-task-list": "^2.14.0",
        "@tiptap/extension-text": "^2.14.0",
        "@tiptap/html": "^2.14.0",
        "@tiptap/pm": "^2.14.0",
        "@tiptap/starter-kit": "^2.14.0",
        "@tiptap/suggestion": "^2.14.0",
        "pg": "^8.16.0",
        "uuid": "^11.1.0",
        "yjs": "^13.6.27",
      },
      "devDependencies": {
        "@types/async-lock": "^1.4.2",
        "@types/node": "^22.15.31",
        "@types/pg": "^8.15.4",
        "@types/uuid": "^10.0.0",
        "@types/ws": "^8.18.1",
        "tslib": "^2.8.1",
        "typescript": "^5.8.3",
      },
    },
  },
  "packages": {
    "@hocuspocus/common": ["@hocuspocus/common@3.4.0", "", { "dependencies": { "lib0": "^0.2.87" } }, "sha512-vN0kE/mGTjuwchq16naq+nEjFDmeSLNCkDSAB7DKvpZnuG4KQi5oC42VFdKbq/baQTbDMSe82rI7f9riOR8idQ=="],

    "@hocuspocus/extension-logger": ["@hocuspocus/extension-logger@2.15.3", "", { "dependencies": { "@hocuspocus/server": "^2.15.3" } }, "sha512-NufsjXldlVX1c2B98Hyg8Vq9GblPmnIvw9QGdsBK6SNEgWzDwfVrjljrigMAVGuQ4pbBVz8TaY5DcsmOCi5jqA=="],

    "@hocuspocus/server": ["@hocuspocus/server@2.15.3", "", { "dependencies": { "@hocuspocus/common": "^2.15.3", "async-lock": "^1.3.1", "kleur": "^4.1.4", "lib0": "^0.2.47", "uuid": "^11.0.3", "ws": "^8.5.0" }, "peerDependencies": { "y-protocols": "^1.0.6", "yjs": "^13.6.8" } }, "sha512-Ju4ty4/7JtmvivcP7gKReOLf8KrFwN7Yx/5VhXYh4TRULy4kSo2fsDVUaluPp0neZa6PbVhizJuzlOim73IEbQ=="],

    "@hocuspocus/transformer": ["@hocuspocus/transformer@2.15.3", "", { "dependencies": { "@tiptap/starter-kit": "^2.6.4" }, "peerDependencies": { "@tiptap/core": "^2.6.4", "@tiptap/pm": "^2.6.4", "y-prosemirror": "^1.2.1", "yjs": "^13.6.8" } }, "sha512-01UU3iZA9MF+MmB2SweKyC70nBM/FkBt3veWiAMoXPiegUG47wY8QO2MksBD/ucnz7C5M/0oAsTjqrx+j0ynIw=="],

    "@popperjs/core": ["@popperjs/core@2.11.8", "", {}, "sha512-P1st0aksCrn9sGZhp8GMYwBnQsbvAWsZAX44oXNNvLHGqAOcoVxmjZiohstwQ7SqKnbR47akdNi+uleWD8+g6A=="],

    "@remirror/core-constants": ["@remirror/core-constants@3.0.0", "", {}, "sha512-42aWfPrimMfDKDi4YegyS7x+/0tlzaqwPQCULLanv3DMIlu96KTJR0fM5isWX2UViOqlGnX6YFgqWepcX+XMNg=="],

    "@tiptap/core": ["@tiptap/core@2.27.1", "", { "peerDependencies": { "@tiptap/pm": "^2.7.0" } }, "sha512-nkerkl8syHj44ZzAB7oA2GPmmZINKBKCa79FuNvmGJrJ4qyZwlkDzszud23YteFZEytbc87kVd/fP76ROS6sLg=="],

    "@tiptap/extension-blockquote": ["@tiptap/extension-blockquote@2.27.1", "", { "peerDependencies": { "@tiptap/core": "^2.7.0" } }, "sha512-QrUX3muElDrNjKM3nqCSAtm3H3pT33c6ON8kwRiQboOAjT/9D57Cs7XEVY7r6rMaJPeKztrRUrNVF9w/w/6B0A=="],

    "@tiptap/extension-bold": ["@tiptap/extension-bold@2.27.1", "", { "peerDependencies": { "@tiptap/core": "^2.7.0" } }, "sha512-g4l4p892x/r7mhea8syp3fNYODxsDrimgouQ+q4DKXIgQmm5+uNhyuEPexP3I8TFNXqQ4DlMNFoM9yCqk97etQ=="],

    "@tiptap/extension-bubble-menu": ["@tiptap/extension-bubble-menu@2.27.1", "", { "dependencies": { "tippy.js": "^6.3.7" }, "peerDependencies": { "@tiptap/core": "^2.7.0", "@tiptap/pm": "^2.7.0" } }, "sha512-ki1R27VsSvY2tT9Q2DIlcATwLOoEjf5DsN+5sExarQ8S/ZxT/tvIjRxB8Dx7lb2a818W5f/NER26YchGtmHfpg=="],

    "@tiptap/extension-bullet-list": ["@tiptap/extension-bullet-list@2.27.1", "", { "peerDependencies": { "@tiptap/core": "^2.7.0" } }, "sha512-5FmnfXkJ76wN4EbJNzBhAlmQxho8yEMIJLchTGmXdsD/n/tsyVVtewnQYaIOj/Z7naaGySTGDmjVtLgTuQ+Sxw=="],

    "@tiptap/extension-code": ["@tiptap/extension-code@2.27.1", "", { "peerDependencies": { "@tiptap/core": "^2.7.0" } }, "sha512-i65wUGJevzBTIIUBHBc1ggVa27bgemvGl/tY1/89fEuS/0Xmre+OQjw8rCtSLevoHSiYYLgLRlvjtUSUhE4kgg=="],

    "@tiptap/extension-code-block": ["@tiptap/extension-code-block@2.27.1", "", { "peerDependencies": { "@tiptap/core": "^2.7.0", "@tiptap/pm": "^2.7.0" } }, "sha512-wCI5VIOfSAdkenCWFvh4m8FFCJ51EOK+CUmOC/PWUjyo2Dgn8QC8HMi015q8XF7886T0KvYVVoqxmxJSUDAYNg=="],

    "@tiptap/extension-document": ["@tiptap/extension-document@2.27.1", "", { "peerDependencies": { "@tiptap/core": "^2.7.0" } }, "sha512-NtJzJY7Q/6XWjpOm5OXKrnEaofrcc1XOTYlo/SaTwl8k2bZo918Vl0IDBWhPVDsUN7kx767uHwbtuQZ+9I82hA=="],

    "@tiptap/extension-dropcursor": ["@tiptap/extension-dropcursor@2.27.1", "", { "peerDependencies": { "@tiptap/core": "^2.7.0", "@tiptap/pm": "^2.7.0" } }, "sha512-3MBQRGHHZ0by3OT0CWbLKS7J3PH9PpobrXjmIR7kr0nde7+bHqxXiVNuuIf501oKU9rnEUSedipSHkLYGkmfsA=="],

    "@tiptap/extension-gapcursor": ["@tiptap/extension-gapcursor@2.27.1", "", { "peerDependencies": { "@tiptap/core": "^2.7.0", "@tiptap/pm": "^2.7.0" } }, "sha512-A9e1jr+jGhDWzNSXtIO6PYVYhf5j/udjbZwMja+wCE/3KvZU9V3IrnGKz1xNW+2Q2BDOe1QO7j5uVL9ElR6nTA=="],

    "@tiptap/extension-hard-break": ["@tiptap/extension-hard-break@2.27.1", "", { "peerDependencies": { "@tiptap/core": "^2.7.0" } }, "sha512-W4hHa4Io6QCTwpyTlN6UAvqMIQ7t56kIUByZhyY9EWrg/+JpbfpxE1kXFLPB4ZGgwBknFOw+e4bJ1j3oAbTJFw=="],

    "@tiptap/extension-heading": ["@tiptap/extension-heading@2.27.1", "", { "peerDependencies": { "@tiptap/core": "^2.7.0" } }, "sha512-6xoC7igZlW1EmnQ5WVH9IL7P1nCQb3bBUaIDLvk7LbweEogcTUECI4Xg1vxMOVmj9tlDe1I4BsgfcKpB5KEsZw=="],

    "@tiptap/extension-history": ["@tiptap/extension-history@2.27.1", "", { "peerDependencies": { "@tiptap/core": "^2.7.0", "@tiptap/pm": "^2.7.0" } }, "sha512-K8PHC9gegSAt0wzSlsd4aUpoEyIJYOmVVeyniHr1P1mIblW1KYEDbRGbDlrLALTyUEfMcBhdIm8zrB9X2Nihvg=="],

    "@tiptap/extension-horizontal-rule": ["@tiptap/extension-horizontal-rule@2.27.1", "", { "peerDependencies": { "@tiptap/core": "^2.7.0", "@tiptap/pm": "^2.7.0" } }, "sha512-WxXWGEEsqDmGIF2o9av+3r9Qje4CKrqrpeQY6aRO5bxvWX9AabQCfasepayBok6uwtvNzh3Xpsn9zbbSk09dNA=="],

    "@tiptap/extension-image": ["@tiptap/extension-image@2.27.1", "", { "peerDependencies": { "@tiptap/core": "^2.7.0" } }, "sha512-wu3vMKDYWJwKS6Hrw5PPCKBO2RxyHNeFLiA/uDErEV7axzNpievK/U9DyaDXmtK3K/h1XzJAJz19X+2d/pY68w=="],

    "@tiptap/extension-italic": ["@tiptap/extension-italic@2.27.1", "", { "peerDependencies": { "@tiptap/core": "^2.7.0" } }, "sha512-rcm0GyniWW0UhcNI9+1eIK64GqWQLyIIrWGINslvqSUoBc+WkfocLvv4CMpRkzKlfsAxwVIBuH2eLxHKDtAREA=="],

    "@tiptap/extension-link": ["@tiptap/extension-link@2.27.1", "", { "dependencies": { "linkifyjs": "^4.3.2" }, "peerDependencies": { "@tiptap/core": "^2.7.0", "@tiptap/pm": "^2.7.0" } }, "sha512-cCwWPZsnVh9MXnGOqSIRXPPuUixRDK8eMN2TvqwbxUBb1TU7b/HtNvfMU4tAOqAuMRJ0aJkFuf3eB0Gi8LVb1g=="],

    "@tiptap/extension-list-item": ["@tiptap/extension-list-item@2.27.1", "", { "peerDependencies": { "@tiptap/core": "^2.7.0" } }, "sha512-dtsxvtzxfwOJP6dKGf0vb2MJAoDF2NxoiWzpq0XTvo7NGGYUHfuHjX07Zp0dYqb4seaDXjwsi5BIQUOp3+WMFQ=="],

    "@tiptap/extension-mention": ["@tiptap/extension-mention@2.27.1", "", { "peerDependencies": { "@tiptap/core": "^2.7.0", "@tiptap/pm": "^2.7.0", "@tiptap/suggestion": "^2.7.0" } }, "sha512-8qwPIum0rMK/7BaHEN0+M/VkUn00LqhqyRO8JdC/EBVrUBgxKTQsUhIhSstgVAYzD1w7cCUfTFX4bYu9lcFMEQ=="],

    "@tiptap/extension-ordered-list": ["@tiptap/extension-ordered-list@2.27.1", "", { "peerDependencies": { "@tiptap/core": "^2.7.0" } }, "sha512-U1/sWxc2TciozQsZjH35temyidYUjvroHj3PUPzPyh19w2fwKh1NSbFybWuoYs6jS3XnMSwnM2vF52tOwvfEmA=="],

    "@tiptap/extension-paragraph": ["@tiptap/extension-paragraph@2.27.1", "", { "peerDependencies": { "@tiptap/core": "^2.7.0" } }, "sha512-R3QdrHcUdFAsdsn2UAIvhY0yWyHjqGyP/Rv8RRdN0OyFiTKtwTPqreKMHKJOflgX4sMJl/OpHTpNG1Kaf7Lo2A=="],

    "@tiptap/extension-strike": ["@tiptap/extension-strike@2.27.1", "", { "peerDependencies": { "@tiptap/core": "^2.7.0" } }, "sha512-S9I//K8KPgfFTC5I5lorClzXk0g4lrAv9y5qHzHO5EOWt7AFl0YTg2oN8NKSIBK4bHRnPIrjJJKv+dDFnUp5jQ=="],

    "@tiptap/extension-task-item": ["@tiptap/extension-task-item@2.27.1", "", { "peerDependencies": { "@tiptap/core": "^2.7.0", "@tiptap/pm": "^2.7.0" } }, "sha512-vaEtdos+9jApD6yRfD6F/xShikiZFHi7I0nswAmGKT/kE1wmHCUxme8OFMe7642e2OK0lqgHsUaOLxP/0nZJ5A=="],

    "@tiptap/extension-task-list": ["@tiptap/extension-task-list@2.27.1", "", { "peerDependencies": { "@tiptap/core": "^2.7.0" } }, "sha512-KRlYOZ6kdURvAspUrLVsC7mLkVW2DYhpj+7QxH7gVDZuAuoPUEmpJVcBVPq7GhPF9PccaRLru+n1Ege5VqvZ+Q=="],

    "@tiptap/extension-text": ["@tiptap/extension-text@2.27.1", "", { "peerDependencies": { "@tiptap/core": "^2.7.0" } }, "sha512-a4GCT+GZ9tUwl82F4CEum9/+WsuW0/De9Be/NqrMmi7eNfAwbUTbLCTFU0gEvv25WMHCoUzaeNk/qGmzeVPJ1Q=="],

    "@tiptap/extension-text-style": ["@tiptap/extension-text-style@2.27.1", "", { "peerDependencies": { "@tiptap/core": "^2.7.0" } }, "sha512-NagQ9qLk0Ril83gfrk+C65SvTqPjL3WVnLF2arsEVnCrxcx3uDOvdJW67f/K5HEwEHsoqJ4Zq9Irco/koXrOXA=="],

    "@tiptap/html": ["@tiptap/html@2.27.1", "", { "dependencies": { "zeed-dom": "^0.15.1" }, "peerDependencies": { "@tiptap/core": "^2.7.0", "@tiptap/pm": "^2.7.0" } }, "sha512-5iPo36g4nbBVoEVBQb6my4KNpNzu38gtCFXIIlAJdAZQvPs+XC8TkrnGK/G4UGpwBXCuQjSQm0iyn4znmQPDsw=="],

    "@tiptap/pm": ["@tiptap/pm@2.27.1", "", { "dependencies": { "prosemirror-changeset": "^2.3.0", "prosemirror-collab": "^1.3.1", "prosemirror-commands": "^1.6.2", "prosemirror-dropcursor": "^1.8.1", "prosemirror-gapcursor": "^1.3.2", "prosemirror-history": "^1.4.1", "prosemirror-inputrules": "^1.4.0", "prosemirror-keymap": "^1.2.2", "prosemirror-markdown": "^1.13.1", "prosemirror-menu": "^1.2.4", "prosemirror-model": "^1.23.0", "prosemirror-schema-basic": "^1.2.3", "prosemirror-schema-list": "^1.4.1", "prosemirror-state": "^1.4.3", "prosemirror-tables": "^1.6.4", "prosemirror-trailing-node": "^3.0.0", "prosemirror-transform": "^1.10.2", "prosemirror-view": "^1.37.0" } }, "sha512-ijKo3+kIjALthYsnBmkRXAuw2Tswd9gd7BUR5OMfIcjGp8v576vKxOxrRfuYiUM78GPt//P0sVc1WV82H5N0PQ=="],

    "@tiptap/starter-kit": ["@tiptap/starter-kit@2.27.1", "", { "dependencies": { "@tiptap/core": "^2.27.1", "@tiptap/extension-blockquote": "^2.27.1", "@tiptap/extension-bold": "^2.27.1", "@tiptap/extension-bullet-list": "^2.27.1", "@tiptap/extension-code": "^2.27.1", "@tiptap/extension-code-block": "^2.27.1", "@tiptap/extension-document": "^2.27.1", "@tiptap/extension-dropcursor": "^2.27.1", "@tiptap/extension-gapcursor": "^2.27.1", "@tiptap/extension-hard-break": "^2.27.1", "@tiptap/extension-heading": "^2.27.1", "@tiptap/extension-history": "^2.27.1", "@tiptap/extension-horizontal-rule": "^2.27.1", "@tiptap/extension-italic": "^2.27.1", "@tiptap/extension-list-item": "^2.27.1", "@tiptap/extension-ordered-list": "^2.27.1", "@tiptap/extension-paragraph": "^2.27.1", "@tiptap/extension-strike": "^2.27.1", "@tiptap/extension-text": "^2.27.1", "@tiptap/extension-text-style": "^2.27.1", "@tiptap/pm": "^2.27.1" } }, "sha512-uQQlP0Nmn9eq19qm8YoOeloEfmcGbPpB1cujq54Q6nPgxaBozR7rE7tXbFTinxRW2+Hr7XyNWhpjB7DMNkdU2Q=="],

    "@tiptap/suggestion": ["@tiptap/suggestion@2.27.1", "", { "peerDependencies": { "@tiptap/core": "^2.7.0", "@tiptap/pm": "^2.7.0" } }, "sha512-yTy75ZMYgVWM18cl7YxLqMJ7TorQTGysSd1aKmBA9qd8uzYlvLMmHKE9qBDxM9HXODBz1DA/BLLm9esv2enmFw=="],

    "@types/async-lock": ["@types/async-lock@1.4.2", "", {}, "sha512-HlZ6Dcr205BmNhwkdXqrg2vkFMN2PluI7Lgr8In3B3wE5PiQHhjRqtW/lGdVU9gw+sM0JcIDx2AN+cW8oSWIcw=="],

    "@types/linkify-it": ["@types/linkify-it@5.0.0", "", {}, "sha512-sVDA58zAw4eWAffKOaQH5/5j3XeayukzDk+ewSsnv3p4yJEZHCCzMDiZM8e0OUrRvmpGZ85jf4yDHkHsgBNr9Q=="],

    "@types/markdown-it": ["@types/markdown-it@14.1.2", "", { "dependencies": { "@types/linkify-it": "^5", "@types/mdurl": "^2" } }, "sha512-promo4eFwuiW+TfGxhi+0x3czqTYJkG8qB17ZUJiVF10Xm7NLVRSLUsfRTU/6h1e24VvRnXCx+hG7li58lkzog=="],

    "@types/mdurl": ["@types/mdurl@2.0.0", "", {}, "sha512-RGdgjQUZba5p6QEFAVx2OGb8rQDL/cPRG7GiedRzMcJ1tYnUANBncjbSB1NRGwbvjcPeikRABz2nshyPk1bhWg=="],

    "@types/node": ["@types/node@22.19.1", "", { "dependencies": { "undici-types": "~6.21.0" } }, "sha512-LCCV0HdSZZZb34qifBsyWlUmok6W7ouER+oQIGBScS8EsZsQbrtFTUrDX4hOl+CS6p7cnNC4td+qrSVGSCTUfQ=="],

    "@types/pg": ["@types/pg@8.15.6", "", { "dependencies": { "@types/node": "*", "pg-protocol": "*", "pg-types": "^2.2.0" } }, "sha512-NoaMtzhxOrubeL/7UZuNTrejB4MPAJ0RpxZqXQf2qXuVlTPuG6Y8p4u9dKRaue4yjmC7ZhzVO2/Yyyn25znrPQ=="],

    "@types/uuid": ["@types/uuid@10.0.0", "", {}, "sha512-7gqG38EyHgyP1S+7+xomFtL+ZNHcKv6DwNaCZmJmo1vgMugyF3TCnXVg4t1uk89mLNwnLtnY3TpOpCOyp1/xHQ=="],

    "@types/ws": ["@types/ws@8.18.1", "", { "dependencies": { "@types/node": "*" } }, "sha512-ThVF6DCVhA8kUGy+aazFQ4kXQ7E1Ty7A3ypFOe0IcJV8O/M511G99AW24irKrW56Wt44yG9+ij8FaqoBGkuBXg=="],

    "argparse": ["argparse@2.0.1", "", {}, "sha512-8+9WqebbFzpX9OR+Wa6O29asIogeRMzcGtAINdpMHHyAg10f05aSFVBbcEqGf/PXw1EjAZ+q2/bEBg3DvurK3Q=="],

    "async-lock": ["async-lock@1.4.1", "", {}, "sha512-Az2ZTpuytrtqENulXwO3GGv1Bztugx6TT37NIo7imr/Qo0gsYiGtSdBa2B6fsXhTpVZDNfu1Qn3pk531e3q+nQ=="],

    "crelt": ["crelt@1.0.6", "", {}, "sha512-VQ2MBenTq1fWZUH9DJNGti7kKv6EeAuYr3cLwxUWhIu1baTaXh4Ib5W2CqHVqib4/MqbYGJqiL3Zb8GJZr3l4g=="],

    "css-what": ["css-what@6.2.2", "", {}, "sha512-u/O3vwbptzhMs3L1fQE82ZSLHQQfto5gyZzwteVIEyeaY5Fc7R4dapF/BvRoSYFeqfBk4m0V1Vafq5Pjv25wvA=="],

    "entities": ["entities@5.0.0", "", {}, "sha512-BeJFvFRJddxobhvEdm5GqHzRV/X+ACeuw0/BuuxsCh1EUZcAIz8+kYmBp/LrQuloy6K1f3a0M7+IhmZ7QnkISA=="],

    "escape-string-regexp": ["escape-string-regexp@4.0.0", "", {}, "sha512-TtpcNJ3XAzx3Gq8sWRzJaVajRs0uVxA2YAkdb1jm2YkPz4G6egUFAyA3n5vtEIZefPk5Wa4UXbKuS5fKkJWdgA=="],

    "isomorphic.js": ["isomorphic.js@0.2.5", "", {}, "sha512-PIeMbHqMt4DnUP3MA/Flc0HElYjMXArsw1qwJZcm9sqR8mq3l8NYizFMty0pWwE/tzIGH3EKK5+jes5mAr85yw=="],

    "kleur": ["kleur@4.1.5", "", {}, "sha512-o+NO+8WrRiQEE4/7nwRJhN1HWpVmJm511pBHUxPLtp0BUISzlBplORYSmTclCnJvQq2tKu/sgl3xVpkc7ZWuQQ=="],

    "lib0": ["lib0@0.2.114", "", { "dependencies": { "isomorphic.js": "^0.2.4" }, "bin": { "0serve": "bin/0serve.js", "0gentesthtml": "bin/gentesthtml.js", "0ecdsa-generate-keypair": "bin/0ecdsa-generate-keypair.js" } }, "sha512-gcxmNFzA4hv8UYi8j43uPlQ7CGcyMJ2KQb5kZASw6SnAKAf10hK12i2fjrS3Cl/ugZa5Ui6WwIu1/6MIXiHttQ=="],

    "linkify-it": ["linkify-it@5.0.0", "", { "dependencies": { "uc.micro": "^2.0.0" } }, "sha512-5aHCbzQRADcdP+ATqnDuhhJ/MRIqDkZX5pyjFHRRysS8vZ5AbqGEoFIb6pYHPZ+L/OC2Lc+xT8uHVVR5CAK/wQ=="],

    "linkifyjs": ["linkifyjs@4.3.2", "", {}, "sha512-NT1CJtq3hHIreOianA8aSXn6Cw0JzYOuDQbOrSPe7gqFnCpKP++MQe3ODgO3oh2GJFORkAAdqredOa60z63GbA=="],

    "markdown-it": ["markdown-it@14.1.0", "", { "dependencies": { "argparse": "^2.0.1", "entities": "^4.4.0", "linkify-it": "^5.0.0", "mdurl": "^2.0.0", "punycode.js": "^2.3.1", "uc.micro": "^2.1.0" }, "bin": { "markdown-it": "bin/markdown-it.mjs" } }, "sha512-a54IwgWPaeBCAAsv13YgmALOF1elABB08FxO9i+r4VFk5Vl4pKokRPeX8u5TCgSsPi6ec1otfLjdOpVcgbpshg=="],

    "mdurl": ["mdurl@2.0.0", "", {}, "sha512-Lf+9+2r+Tdp5wXDXC4PcIBjTDtq4UKjCPMQhKIuzpJNW0b96kVqSwW0bT7FhRSfmAiFYgP+SCRvdrDozfh0U5w=="],

    "orderedmap": ["orderedmap@2.1.1", "", {}, "sha512-TvAWxi0nDe1j/rtMcWcIj94+Ffe6n7zhow33h40SKxmsmozs6dz/e+EajymfoFcHd7sxNn8yHM8839uixMOV6g=="],

    "pg": ["pg@8.16.3", "", { "dependencies": { "pg-connection-string": "^2.9.1", "pg-pool": "^3.10.1", "pg-protocol": "^1.10.3", "pg-types": "2.2.0", "pgpass": "1.0.5" }, "optionalDependencies": { "pg-cloudflare": "^1.2.7" }, "peerDependencies": { "pg-native": ">=3.0.1" }, "optionalPeers": ["pg-native"] }, "sha512-enxc1h0jA/aq5oSDMvqyW3q89ra6XIIDZgCX9vkMrnz5DFTw/Ny3Li2lFQ+pt3L6MCgm/5o2o8HW9hiJji+xvw=="],

    "pg-cloudflare": ["pg-cloudflare@1.2.7", "", {}, "sha512-YgCtzMH0ptvZJslLM1ffsY4EuGaU0cx4XSdXLRFae8bPP4dS5xL1tNB3k2o/N64cHJpwU7dxKli/nZ2lUa5fLg=="],

    "pg-connection-string": ["pg-connection-string@2.9.1", "", {}, "sha512-nkc6NpDcvPVpZXxrreI/FOtX3XemeLl8E0qFr6F2Lrm/I8WOnaWNhIPK2Z7OHpw7gh5XJThi6j6ppgNoaT1w4w=="],

    "pg-int8": ["pg-int8@1.0.1", "", {}, "sha512-WCtabS6t3c8SkpDBUlb1kjOs7l66xsGdKpIPZsg4wR+B3+u9UAum2odSsF9tnvxg80h4ZxLWMy4pRjOsFIqQpw=="],

    "pg-pool": ["pg-pool@3.10.1", "", { "peerDependencies": { "pg": ">=8.0" } }, "sha512-Tu8jMlcX+9d8+QVzKIvM/uJtp07PKr82IUOYEphaWcoBhIYkoHpLXN3qO59nAI11ripznDsEzEv8nUxBVWajGg=="],

    "pg-protocol": ["pg-protocol@1.10.3", "", {}, "sha512-6DIBgBQaTKDJyxnXaLiLR8wBpQQcGWuAESkRBX/t6OwA8YsqP+iVSiond2EDy6Y/dsGk8rh/jtax3js5NeV7JQ=="],

    "pg-types": ["pg-types@2.2.0", "", { "dependencies": { "pg-int8": "1.0.1", "postgres-array": "~2.0.0", "postgres-bytea": "~1.0.0", "postgres-date": "~1.0.4", "postgres-interval": "^1.1.0" } }, "sha512-qTAAlrEsl8s4OiEQY69wDvcMIdQN6wdz5ojQiOy6YRMuynxenON0O5oCpJI6lshc6scgAY8qvJ2On/p+CXY0GA=="],

    "pgpass": ["pgpass@1.0.5", "", { "dependencies": { "split2": "^4.1.0" } }, "sha512-FdW9r/jQZhSeohs1Z3sI1yxFQNFvMcnmfuj4WBMUTxOrAyLMaTcE1aAMBiTlbMNaXvBCQuVi0R7hd8udDSP7ug=="],

    "postgres-array": ["postgres-array@2.0.0", "", {}, "sha512-VpZrUqU5A69eQyW2c5CA1jtLecCsN2U/bD6VilrFDWq5+5UIEVO7nazS3TEcHf1zuPYO/sqGvUvW62g86RXZuA=="],

    "postgres-bytea": ["postgres-bytea@1.0.0", "", {}, "sha512-xy3pmLuQqRBZBXDULy7KbaitYqLcmxigw14Q5sj8QBVLqEwXfeybIKVWiqAXTlcvdvb0+xkOtDbfQMOf4lST1w=="],

    "postgres-date": ["postgres-date@1.0.7", "", {}, "sha512-suDmjLVQg78nMK2UZ454hAG+OAW+HQPZ6n++TNDUX+L0+uUlLywnoxJKDou51Zm+zTCjrCl0Nq6J9C5hP9vK/Q=="],

    "postgres-interval": ["postgres-interval@1.2.0", "", { "dependencies": { "xtend": "^4.0.0" } }, "sha512-9ZhXKM/rw350N1ovuWHbGxnGh/SNJ4cnxHiM0rxE4VN41wsg8P8zWn9hv/buK00RP4WvlOyr/RBDiptyxVbkZQ=="],

    "prosemirror-changeset": ["prosemirror-changeset@2.3.1", "", { "dependencies": { "prosemirror-transform": "^1.0.0" } }, "sha512-j0kORIBm8ayJNl3zQvD1TTPHJX3g042et6y/KQhZhnPrruO8exkTgG8X+NRpj7kIyMMEx74Xb3DyMIBtO0IKkQ=="],

    "prosemirror-collab": ["prosemirror-collab@1.3.1", "", { "dependencies": { "prosemirror-state": "^1.0.0" } }, "sha512-4SnynYR9TTYaQVXd/ieUvsVV4PDMBzrq2xPUWutHivDuOshZXqQ5rGbZM84HEaXKbLdItse7weMGOUdDVcLKEQ=="],

    "prosemirror-commands": ["prosemirror-commands@1.7.1", "", { "dependencies": { "prosemirror-model": "^1.0.0", "prosemirror-state": "^1.0.0", "prosemirror-transform": "^1.10.2" } }, "sha512-rT7qZnQtx5c0/y/KlYaGvtG411S97UaL6gdp6RIZ23DLHanMYLyfGBV5DtSnZdthQql7W+lEVbpSfwtO8T+L2w=="],

    "prosemirror-dropcursor": ["prosemirror-dropcursor@1.8.2", "", { "dependencies": { "prosemirror-state": "^1.0.0", "prosemirror-transform": "^1.1.0", "prosemirror-view": "^1.1.0" } }, "sha512-CCk6Gyx9+Tt2sbYk5NK0nB1ukHi2ryaRgadV/LvyNuO3ena1payM2z6Cg0vO1ebK8cxbzo41ku2DE5Axj1Zuiw=="],

    "prosemirror-gapcursor": ["prosemirror-gapcursor@1.4.0", "", { "dependencies": { "prosemirror-keymap": "^1.0.0", "prosemirror-model": "^1.0.0", "prosemirror-state": "^1.0.0", "prosemirror-view": "^1.0.0" } }, "sha512-z00qvurSdCEWUIulij/isHaqu4uLS8r/Fi61IbjdIPJEonQgggbJsLnstW7Lgdk4zQ68/yr6B6bf7sJXowIgdQ=="],

    "prosemirror-history": ["prosemirror-history@1.5.0", "", { "dependencies": { "prosemirror-state": "^1.2.2", "prosemirror-transform": "^1.0.0", "prosemirror-view": "^1.31.0", "rope-sequence": "^1.3.0" } }, "sha512-zlzTiH01eKA55UAf1MEjtssJeHnGxO0j4K4Dpx+gnmX9n+SHNlDqI2oO1Kv1iPN5B1dm5fsljCfqKF9nFL6HRg=="],

    "prosemirror-inputrules": ["prosemirror-inputrules@1.5.1", "", { "dependencies": { "prosemirror-state": "^1.0.0", "prosemirror-transform": "^1.0.0" } }, "sha512-7wj4uMjKaXWAQ1CDgxNzNtR9AlsuwzHfdFH1ygEHA2KHF2DOEaXl1CJfNPAKCg9qNEh4rum975QLaCiQPyY6Fw=="],

    "prosemirror-keymap": ["prosemirror-keymap@1.2.3", "", { "dependencies": { "prosemirror-state": "^1.0.0", "w3c-keyname": "^2.2.0" } }, "sha512-4HucRlpiLd1IPQQXNqeo81BGtkY8Ai5smHhKW9jjPKRc2wQIxksg7Hl1tTI2IfT2B/LgX6bfYvXxEpJl7aKYKw=="],

    "prosemirror-markdown": ["prosemirror-markdown@1.13.2", "", { "dependencies": { "@types/markdown-it": "^14.0.0", "markdown-it": "^14.0.0", "prosemirror-model": "^1.25.0" } }, "sha512-FPD9rHPdA9fqzNmIIDhhnYQ6WgNoSWX9StUZ8LEKapaXU9i6XgykaHKhp6XMyXlOWetmaFgGDS/nu/w9/vUc5g=="],

    "prosemirror-menu": ["prosemirror-menu@1.2.5", "", { "dependencies": { "crelt": "^1.0.0", "prosemirror-commands": "^1.0.0", "prosemirror-history": "^1.0.0", "prosemirror-state": "^1.0.0" } }, "sha512-qwXzynnpBIeg1D7BAtjOusR+81xCp53j7iWu/IargiRZqRjGIlQuu1f3jFi+ehrHhWMLoyOQTSRx/IWZJqOYtQ=="],

    "prosemirror-model": ["prosemirror-model@1.25.4", "", { "dependencies": { "orderedmap": "^2.0.0" } }, "sha512-PIM7E43PBxKce8OQeezAs9j4TP+5yDpZVbuurd1h5phUxEKIu+G2a+EUZzIC5nS1mJktDJWzbqS23n1tsAf5QA=="],

    "prosemirror-schema-basic": ["prosemirror-schema-basic@1.2.4", "", { "dependencies": { "prosemirror-model": "^1.25.0" } }, "sha512-ELxP4TlX3yr2v5rM7Sb70SqStq5NvI15c0j9j/gjsrO5vaw+fnnpovCLEGIcpeGfifkuqJwl4fon6b+KdrODYQ=="],

    "prosemirror-schema-list": ["prosemirror-schema-list@1.5.1", "", { "dependencies": { "prosemirror-model": "^1.0.0", "prosemirror-state": "^1.0.0", "prosemirror-transform": "^1.7.3" } }, "sha512-927lFx/uwyQaGwJxLWCZRkjXG0p48KpMj6ueoYiu4JX05GGuGcgzAy62dfiV8eFZftgyBUvLx76RsMe20fJl+Q=="],

    "prosemirror-state": ["prosemirror-state@1.4.4", "", { "dependencies": { "prosemirror-model": "^1.0.0", "prosemirror-transform": "^1.0.0", "prosemirror-view": "^1.27.0" } }, "sha512-6jiYHH2CIGbCfnxdHbXZ12gySFY/fz/ulZE333G6bPqIZ4F+TXo9ifiR86nAHpWnfoNjOb3o5ESi7J8Uz1jXHw=="],

    "prosemirror-tables": ["prosemirror-tables@1.8.3", "", { "dependencies": { "prosemirror-keymap": "^1.2.3", "prosemirror-model": "^1.25.4", "prosemirror-state": "^1.4.4", "prosemirror-transform": "^1.10.5", "prosemirror-view": "^1.41.4" } }, "sha512-wbqCR/RlRPRe41a4LFtmhKElzBEfBTdtAYWNIGHM6X2e24NN/MTNUKyXjjphfAfdQce37Kh/5yf765mLPYDe7Q=="],

    "prosemirror-trailing-node": ["prosemirror-trailing-node@3.0.0", "", { "dependencies": { "@remirror/core-constants": "3.0.0", "escape-string-regexp": "^4.0.0" }, "peerDependencies": { "prosemirror-model": "^1.22.1", "prosemirror-state": "^1.4.2", "prosemirror-view": "^1.33.8" } }, "sha512-xiun5/3q0w5eRnGYfNlW1uU9W6x5MoFKWwq/0TIRgt09lv7Hcser2QYV8t4muXbEr+Fwo0geYn79Xs4GKywrRQ=="],

    "prosemirror-transform": ["prosemirror-transform@1.10.5", "", { "dependencies": { "prosemirror-model": "^1.21.0" } }, "sha512-RPDQCxIDhIBb1o36xxwsaeAvivO8VLJcgBtzmOwQ64bMtsVFh5SSuJ6dWSxO1UsHTiTXPCgQm3PDJt7p6IOLbw=="],

    "prosemirror-view": ["prosemirror-view@1.41.4", "", { "dependencies": { "prosemirror-model": "^1.20.0", "prosemirror-state": "^1.0.0", "prosemirror-transform": "^1.1.0" } }, "sha512-WkKgnyjNncri03Gjaz3IFWvCAE94XoiEgvtr0/r2Xw7R8/IjK3sKLSiDoCHWcsXSAinVaKlGRZDvMCsF1kbzjA=="],

    "punycode.js": ["punycode.js@2.3.1", "", {}, "sha512-uxFIHU0YlHYhDQtV4R9J6a52SLx28BCjT+4ieh7IGbgwVJWO+km431c4yRlREUAsAmt/uMjQUyQHNEPf0M39CA=="],

    "rope-sequence": ["rope-sequence@1.3.4", "", {}, "sha512-UT5EDe2cu2E/6O4igUr5PSFs23nvvukicWHx6GnOPlHAiiYbzNuCRQCuiUdHJQcqKalLKlrYJnjY0ySGsXNQXQ=="],

    "split2": ["split2@4.2.0", "", {}, "sha512-UcjcJOWknrNkF6PLX83qcHM6KHgVKNkV62Y8a5uYDVv9ydGQVwAHMKqHdJje1VTWpljG0WYpCDhrCdAOYH4TWg=="],

    "tippy.js": ["tippy.js@6.3.7", "", { "dependencies": { "@popperjs/core": "^2.9.0" } }, "sha512-E1d3oP2emgJ9dRQZdf3Kkn0qJgI6ZLpyS5z6ZkY1DF3kaQaBsGZsndEpHwx+eC+tYM41HaSNvNtLx8tU57FzTQ=="],

    "tslib": ["tslib@2.8.1", "", {}, "sha512-oJFu94HQb+KVduSUQL7wnpmqnfmLsOA/nAh6b6EH0wCEoK0/mPeXU6c3wKDV83MkOuHPRHtSXKKU99IBazS/2w=="],

    "typescript": ["typescript@5.9.3", "", { "bin": { "tsc": "bin/tsc", "tsserver": "bin/tsserver" } }, "sha512-jl1vZzPDinLr9eUt3J/t7V6FgNEw9QjvBPdysz9KfQDD41fQrC2Y4vKQdiaUpFT4bXlb1RHhLpp8wtm6M5TgSw=="],

    "uc.micro": ["uc.micro@2.1.0", "", {}, "sha512-ARDJmphmdvUk6Glw7y9DQ2bFkKBHwQHLi2lsaH6PPmz/Ka9sFOBsBluozhDltWmnv9u/cF6Rt87znRTPV+yp/A=="],

    "undici-types": ["undici-types@6.21.0", "", {}, "sha512-iwDZqg0QAGrg9Rav5H4n0M64c3mkR59cJ6wQp+7C4nI0gsmExaedaYLNO44eT4AtBBwjbTiGPMlt2Md0T9H9JQ=="],

    "uuid": ["uuid@11.1.0", "", { "bin": { "uuid": "dist/esm/bin/uuid" } }, "sha512-0/A9rDy9P7cJ+8w1c9WD9V//9Wj15Ce2MPz8Ri6032usz+NfePxx5AcN3bN+r6ZL6jEo066/yNYB3tn4pQEx+A=="],

    "w3c-keyname": ["w3c-keyname@2.2.8", "", {}, "sha512-dpojBhNsCNN7T82Tm7k26A6G9ML3NkhDsnw9n/eoxSRlVBB4CEtIQ/KTCLI2Fwf3ataSXRhYFkQi3SlnFwPvPQ=="],

    "ws": ["ws@8.18.3", "", { "peerDependencies": { "bufferutil": "^4.0.1", "utf-8-validate": ">=5.0.2" }, "optionalPeers": ["bufferutil", "utf-8-validate"] }, "sha512-PEIGCY5tSlUt50cqyMXfCzX+oOPqN0vuGqWzbcJ2xvnkzkq46oOpz7dQaTDBdfICb4N14+GARUDw2XV2N4tvzg=="],

    "xtend": ["xtend@4.0.2", "", {}, "sha512-LKYU1iAXJXUgAXn9URjiu+MWhyUXHsvfp7mcuYm9dSUKK0/CjtrUwFAxD82/mCWbtLsGjFIad0wIsod4zrTAEQ=="],

    "y-prosemirror": ["y-prosemirror@1.3.7", "", { "dependencies": { "lib0": "^0.2.109" }, "peerDependencies": { "prosemirror-model": "^1.7.1", "prosemirror-state": "^1.2.3", "prosemirror-view": "^1.9.10", "y-protocols": "^1.0.1", "yjs": "^13.5.38" } }, "sha512-NpM99WSdD4Fx4if5xOMDpPtU3oAmTSjlzh5U4353ABbRHl1HtAFUx6HlebLZfyFxXN9jzKMDkVbcRjqOZVkYQg=="],

    "y-protocols": ["y-protocols@1.0.6", "", { "dependencies": { "lib0": "^0.2.85" }, "peerDependencies": { "yjs": "^13.0.0" } }, "sha512-vHRF2L6iT3rwj1jub/K5tYcTT/mEYDUppgNPXwp8fmLpui9f7Yeq3OEtTLVF012j39QnV+KEQpNqoN7CWU7Y9Q=="],

    "yjs": ["yjs@13.6.27", "", { "dependencies": { "lib0": "^0.2.99" } }, "sha512-OIDwaflOaq4wC6YlPBy2L6ceKeKuF7DeTxx+jPzv1FHn9tCZ0ZwSRnUBxD05E3yed46fv/FWJbvR+Ud7x0L7zw=="],

    "zeed-dom": ["zeed-dom@0.15.1", "", { "dependencies": { "css-what": "^6.1.0", "entities": "^5.0.0" } }, "sha512-dtZ0aQSFyZmoJS0m06/xBN1SazUBPL5HpzlAcs/KcRW0rzadYw12deQBjeMhGKMMeGEp7bA9vmikMLaO4exBcg=="],

    "@hocuspocus/server/@hocuspocus/common": ["@hocuspocus/common@2.15.3", "", { "dependencies": { "lib0": "^0.2.87" } }, "sha512-Rzh1HF0a2o/tf90A3w2XNdXd9Ym3aQzMDfD3lAUONCX9B9QOdqdyiORrj6M25QEaJrEIbXFy8LtAFcL0wRdWzA=="],

    "markdown-it/entities": ["entities@4.5.0", "", {}, "sha512-V0hjH4dGPh9Ao5p0MoRY6BVqtwCjhz6vI5LT8AJ55H+4g9/4vbHx1I54fS0XuclLhDHArPQCiMjDxjaL8fPxhw=="],
  }
}
